lockfileVersion: '9.0'

settings:
  autoInstallPeers: true
  excludeLinksFromLockfile: false

importers:

  .:
    dependencies:
      '@types/ssh2':
        specifier: ^1.15.5
        version: 1.15.5
      node-pty:
        specifier: ^1.0.0
        version: 1.0.0
      ssh2:
        specifier: ^1.16.0
        version: 1.16.0
      xterm:
        specifier: ^5.3.0
        version: 5.3.0
      xterm-addon-fit:
        specifier: ^0.8.0
        version: 0.8.0(xterm@5.3.0)

packages:

  '@types/node@18.19.121':
    resolution: {integrity: sha512-bHOrbyztmyYIi4f1R0s17QsPs1uyyYnGcXeZoGEd227oZjry0q6XQBQxd82X1I57zEfwO8h9Xo+Kl5gX1d9MwQ==}

  '@types/ssh2@1.15.5':
    resolution: {integrity: sha512-N1ASjp/nXH3ovBHddRJpli4ozpk6UdDYIX4RJWFa9L1YKnzdhTlVmiGHm4DZnj/jLbqZpes4aeR30EFGQtvhQQ==}

  asn1@0.2.6:
    resolution: {integrity: sha512-ix/FxPn0MDjeyJ7i/yoHGFt/EX6LyNbxSEhPPXODPL+KB0VPk86UYfL0lMdy+KCnv+fmvIzySwaK5COwqVbWTQ==}

  bcrypt-pbkdf@1.0.2:
    resolution: {integrity: sha512-qeFIXtP4MSoi6NLqO12WfqARWWuCKi2Rn/9hJLEmtB5yTNr9DqFWkJRCf2qShWzPeAMRnOgCrq0sg/KLv5ES9w==}

  buildcheck@0.0.6:
    resolution: {integrity: sha512-8f9ZJCUXyT1M35Jx7MkBgmBMo3oHTTBIPLiY9xyL0pl3T5RwcPEY8cUHr5LBNfu/fk6c2T4DJZuVM/8ZZT2D2A==}
    engines: {node: '>=10.0.0'}

  cpu-features@0.0.10:
    resolution: {integrity: sha512-9IkYqtX3YHPCzoVg1Py+o9057a3i0fp7S530UWokCSaFVTc7CwXPRiOjRjBQQ18ZCNafx78YfnG+HALxtVmOGA==}
    engines: {node: '>=10.0.0'}

  nan@2.23.0:
    resolution: {integrity: sha512-1UxuyYGdoQHcGg87Lkqm3FzefucTa0NAiOcuRsDmysep3c1LVCRK2krrUDafMWtjSG04htvAmvg96+SDknOmgQ==}

  node-pty@1.0.0:
    resolution: {integrity: sha512-wtBMWWS7dFZm/VgqElrTvtfMq4GzJ6+edFI0Y0zyzygUSZMgZdraDUMUhCIvkjhJjme15qWmbyJbtAx4ot4uZA==}

  safer-buffer@2.1.2:
    resolution: {integrity: sha512-YZo3K82SD7Riyi0E1EQPojLz7kpepnSQI9IyPbHHg1XXXevb5dJI7tpyN2ADxGcQbHG7vcyRHk0cbwqcQriUtg==}

  ssh2@1.16.0:
    resolution: {integrity: sha512-r1X4KsBGedJqo7h8F5c4Ybpcr5RjyP+aWIG007uBPRjmdQWfEiVLzSK71Zji1B9sKxwaCvD8y8cwSkYrlLiRRg==}
    engines: {node: '>=10.16.0'}

  tweetnacl@0.14.5:
    resolution: {integrity: sha512-KXXFFdAbFXY4geFIwoyNK+f5Z1b7swfXABfL7HXCmoIWMKU3dmS26672A4EeQtDzLKy7SXmfBu51JolvEKwtGA==}

  undici-types@5.26.5:
    resolution: {integrity: sha512-JlCMO+ehdEIKqlFxk6IfVoAUVmgz7cU7zD/h9XZ0qzeosSHmUJVOzSQvvYSYWXkFXC+IfLKSIffhv0sVZup6pA==}

  xterm-addon-fit@0.8.0:
    resolution: {integrity: sha512-yj3Np7XlvxxhYF/EJ7p3KHaMt6OdwQ+HDu573Vx1lRXsVxOcnVJs51RgjZOouIZOczTsskaS+CpXspK81/DLqw==}
    deprecated: This package is now deprecated. Move to @xterm/addon-fit instead.
    peerDependencies:
      xterm: ^5.0.0

  xterm@5.3.0:
    resolution: {integrity: sha512-8QqjlekLUFTrU6x7xck1MsPzPA571K5zNqWm0M0oroYEWVOptZ0+ubQSkQ3uxIEhcIHRujJy6emDWX4A7qyFzg==}
    deprecated: This package is now deprecated. Move to @xterm/xterm instead.

snapshots:

  '@types/node@18.19.121':
    dependencies:
      undici-types: 5.26.5

  '@types/ssh2@1.15.5':
    dependencies:
      '@types/node': 18.19.121

  asn1@0.2.6:
    dependencies:
      safer-buffer: 2.1.2

  bcrypt-pbkdf@1.0.2:
    dependencies:
      tweetnacl: 0.14.5

  buildcheck@0.0.6:
    optional: true

  cpu-features@0.0.10:
    dependencies:
      buildcheck: 0.0.6
      nan: 2.23.0
    optional: true

  nan@2.23.0: {}

  node-pty@1.0.0:
    dependencies:
      nan: 2.23.0

  safer-buffer@2.1.2: {}

  ssh2@1.16.0:
    dependencies:
      asn1: 0.2.6
      bcrypt-pbkdf: 1.0.2
    optionalDependencies:
      cpu-features: 0.0.10
      nan: 2.23.0

  tweetnacl@0.14.5: {}

  undici-types@5.26.5: {}

  xterm-addon-fit@0.8.0(xterm@5.3.0):
    dependencies:
      xterm: 5.3.0

  xterm@5.3.0: {}
